<?xml version="1.0" encoding="utf-8"?>
<Project ToolsVersion="4.0" xmlns="http://schemas.microsoft.com/developer/msbuild/2003">
  <ItemGroup>
    <Filter Include="Source Files">
      <UniqueIdentifier>{4FC737F1-C7A5-4376-A066-2A32D752A2FF}</UniqueIdentifier>
      <Extensions>cpp;c;cc;cxx;c++;def;odl;idl;hpj;bat;asm;asmx</Extensions>
    </Filter>
    <Filter Include="Header Files">
      <UniqueIdentifier>{93995380-89BD-4b04-88EB-625FBE52EBFB}</UniqueIdentifier>
      <Extensions>h;hh;hpp;hxx;h++;hm;inl;inc;ipp;xsd</Extensions>
    </Filter>
    <Filter Include="Resource Files">
      <UniqueIdentifier>{67DA6AB6-F800-4c08-8B7A-83BB121AAD01}</UniqueIdentifier>
      <Extensions>rc;ico;cur;bmp;dlg;rc2;rct;bin;rgs;gif;jpg;jpeg;jpe;resx;tiff;tif;png;wav;mfcribbon-ms</Extensions>
    </Filter>
    <Filter Include="Mario">
      <UniqueIdentifier>{e1a79e93-c950-49e7-af38-792610f9e4c2}</UniqueIdentifier>
    </Filter>
    <Filter Include="Mario\MarioState">
      <UniqueIdentifier>{a6c5adda-a931-4ab9-8376-e95ed540323f}</UniqueIdentifier>
    </Filter>
    <Filter Include="Enermies">
      <UniqueIdentifier>{df965af5-ab84-4fe5-994f-e9f06badea2d}</UniqueIdentifier>
    </Filter>
    <Filter Include="Mics">
      <UniqueIdentifier>{56531830-0376-46c0-abc1-57c6661d52bb}</UniqueIdentifier>
    </Filter>
    <Filter Include="Mario\MarioState\AttackState">
      <UniqueIdentifier>{875222c6-ef01-4acf-a29d-7236ac1a8561}</UniqueIdentifier>
    </Filter>
    <Filter Include="Mario\MarioState\OnGroundState">
      <UniqueIdentifier>{e54f86c8-95e1-4402-8fba-54e75d9084fa}</UniqueIdentifier>
    </Filter>
    <Filter Include="Mario\MarioState\OnAirState">
      <UniqueIdentifier>{bb79fd21-1798-424d-9a03-e852ddb074b7}</UniqueIdentifier>
    </Filter>
    <Filter Include="Fireball">
      <UniqueIdentifier>{89e4290d-5054-4d88-8b5a-c403684c0979}</UniqueIdentifier>
    </Filter>
    <Filter Include="XmlLib">
      <UniqueIdentifier>{c9836ac4-911e-437b-b45a-6e204b4dfcdc}</UniqueIdentifier>
    </Filter>
    <Filter Include="Map">
      <UniqueIdentifier>{a596ee21-b1a3-4658-996f-1f0a4827e2bb}</UniqueIdentifier>
    </Filter>
    <Filter Include="Camera">
      <UniqueIdentifier>{2cf3720b-9535-4e3b-9886-1f4ac3eb3481}</UniqueIdentifier>
    </Filter>
    <Filter Include="HUD">
      <UniqueIdentifier>{b6a33fe3-d992-4235-8c20-c56ae9c45cb1}</UniqueIdentifier>
    </Filter>
    <Filter Include="Enermies\Plant">
      <UniqueIdentifier>{e75ee2f6-f407-4e9d-a1f9-77a61ccafd2e}</UniqueIdentifier>
    </Filter>
    <Filter Include="Enermies\Goomba">
      <UniqueIdentifier>{a6e9ecc0-e20f-499c-81ea-848c60ba4539}</UniqueIdentifier>
    </Filter>
    <Filter Include="Enermies\Koopa">
      <UniqueIdentifier>{01bfef41-b727-4774-84b6-a3bb563dba4d}</UniqueIdentifier>
    </Filter>
    <Filter Include="Brick">
      <UniqueIdentifier>{ce44b638-cb53-451c-8fc2-dacc8d6bd9de}</UniqueIdentifier>
    </Filter>
    <Filter Include="Brick\Item">
      <UniqueIdentifier>{461116ba-9a7a-4902-b7cb-d92876739436}</UniqueIdentifier>
    </Filter>
    <Filter Include="Effect">
      <UniqueIdentifier>{ecb58eab-d89c-4c49-96c6-f46f7b391d80}</UniqueIdentifier>
    </Filter>
  </ItemGroup>
  <ItemGroup>
    <ClCompile Include="main.cpp">
      <Filter>Source Files</Filter>
    </ClCompile>
    <ClCompile Include="Sprites.cpp">
      <Filter>Source Files</Filter>
    </ClCompile>
    <ClCompile Include="GameObject.cpp">
      <Filter>Source Files</Filter>
    </ClCompile>
    <ClCompile Include="Textures.cpp">
      <Filter>Source Files</Filter>
    </ClCompile>
    <ClCompile Include="Scene.cpp">
      <Filter>Source Files</Filter>
    </ClCompile>
    <ClCompile Include="PlayScene.cpp">
      <Filter>Source Files</Filter>
    </ClCompile>
    <ClCompile Include="Animations.cpp">
      <Filter>Source Files</Filter>
    </ClCompile>
    <ClCompile Include="Utils.cpp">
      <Filter>Source Files</Filter>
    </ClCompile>
    <ClCompile Include="Mario.cpp">
      <Filter>Mario</Filter>
    </ClCompile>
    <ClCompile Include="BigBox.cpp">
      <Filter>Mics</Filter>
    </ClCompile>
    <ClCompile Include="Ground.cpp">
      <Filter>Mics</Filter>
    </ClCompile>
    <ClCompile Include="Portal.cpp">
      <Filter>Mics</Filter>
    </ClCompile>
    <ClCompile Include="MarioState.cpp">
      <Filter>Mario\MarioState</Filter>
    </ClCompile>
    <ClCompile Include="MarioDuckingState.cpp">
      <Filter>Mario\MarioState\OnGroundState</Filter>
    </ClCompile>
    <ClCompile Include="MarioKickState.cpp">
      <Filter>Mario\MarioState\OnGroundState</Filter>
    </ClCompile>
    <ClCompile Include="MarioLevelUpState.cpp">
      <Filter>Mario\MarioState\OnGroundState</Filter>
    </ClCompile>
    <ClCompile Include="MarioOnGroundState.cpp">
      <Filter>Mario\MarioState\OnGroundState</Filter>
    </ClCompile>
    <ClCompile Include="MarioPreFlyState.cpp">
      <Filter>Mario\MarioState\OnGroundState</Filter>
    </ClCompile>
    <ClCompile Include="MarioRunningState.cpp">
      <Filter>Mario\MarioState\OnGroundState</Filter>
    </ClCompile>
    <ClCompile Include="MarioStandingState.cpp">
      <Filter>Mario\MarioState\OnGroundState</Filter>
    </ClCompile>
    <ClCompile Include="MarioWalkingState.cpp">
      <Filter>Mario\MarioState\OnGroundState</Filter>
    </ClCompile>
    <ClCompile Include="MarioStoppingState.cpp">
      <Filter>Mario\MarioState\OnGroundState</Filter>
    </ClCompile>
    <ClCompile Include="MarioTailHitState.cpp">
      <Filter>Mario\MarioState\AttackState</Filter>
    </ClCompile>
    <ClCompile Include="MarioDropFlyState.cpp">
      <Filter>Mario\MarioState\OnAirState</Filter>
    </ClCompile>
    <ClCompile Include="MarioDroppingState.cpp">
      <Filter>Mario\MarioState\OnAirState</Filter>
    </ClCompile>
    <ClCompile Include="MarioFlyingState.cpp">
      <Filter>Mario\MarioState\OnAirState</Filter>
    </ClCompile>
    <ClCompile Include="MarioJumpingState.cpp">
      <Filter>Mario\MarioState\OnAirState</Filter>
    </ClCompile>
    <ClCompile Include="MarioShootFireBallState.cpp">
      <Filter>Mario\MarioState\AttackState</Filter>
    </ClCompile>
    <ClCompile Include="FireBall.cpp">
      <Filter>Fireball</Filter>
    </ClCompile>
    <ClCompile Include="FireBallPool.cpp">
      <Filter>Fireball</Filter>
    </ClCompile>
    <ClCompile Include="tinystr.cpp">
      <Filter>XmlLib</Filter>
    </ClCompile>
    <ClCompile Include="tinyxml.cpp">
      <Filter>XmlLib</Filter>
    </ClCompile>
    <ClCompile Include="tinyxmlerror.cpp">
      <Filter>XmlLib</Filter>
    </ClCompile>
    <ClCompile Include="tinyxmlparser.cpp">
      <Filter>XmlLib</Filter>
    </ClCompile>
    <ClCompile Include="Tileset.cpp">
      <Filter>Map</Filter>
    </ClCompile>
    <ClCompile Include="TileMap.cpp">
      <Filter>Map</Filter>
    </ClCompile>
    <ClCompile Include="Layer.cpp">
      <Filter>Map</Filter>
    </ClCompile>
    <ClCompile Include="Maps.cpp">
      <Filter>Map</Filter>
    </ClCompile>
    <ClCompile Include="ObjectMap.cpp">
      <Filter>Map</Filter>
    </ClCompile>
    <ClCompile Include="Camera.cpp">
      <Filter>Camera</Filter>
    </ClCompile>
    <ClCompile Include="CameraBound.cpp">
      <Filter>Camera</Filter>
    </ClCompile>
    <ClCompile Include="HUD.cpp">
      <Filter>HUD</Filter>
    </ClCompile>
    <ClCompile Include="FontManager.cpp">
      <Filter>HUD</Filter>
    </ClCompile>
    <ClCompile Include="Text.cpp">
      <Filter>HUD</Filter>
    </ClCompile>
    <ClCompile Include="Plant.cpp">
      <Filter>Enermies\Plant</Filter>
    </ClCompile>
    <ClCompile Include="VenusFireTrap.cpp">
      <Filter>Enermies\Plant</Filter>
    </ClCompile>
    <ClCompile Include="PiranhaPlant.cpp">
      <Filter>Enermies\Plant</Filter>
    </ClCompile>
    <ClCompile Include="Goomba.cpp">
      <Filter>Enermies\Goomba</Filter>
    </ClCompile>
    <ClCompile Include="ParaGoomba.cpp">
      <Filter>Enermies\Goomba</Filter>
    </ClCompile>
    <ClCompile Include="ParaKoopa.cpp">
      <Filter>Enermies\Koopa</Filter>
    </ClCompile>
    <ClCompile Include="KoopaBound.cpp">
      <Filter>Enermies\Koopa</Filter>
    </ClCompile>
    <ClCompile Include="Koopa.cpp">
      <Filter>Enermies\Koopa</Filter>
    </ClCompile>
    <ClCompile Include="Brick.cpp">
      <Filter>Brick</Filter>
    </ClCompile>
    <ClCompile Include="Item.cpp">
      <Filter>Brick\Item</Filter>
    </ClCompile>
    <ClCompile Include="Game.cpp">
      <Filter>Source Files</Filter>
    </ClCompile>
    <ClCompile Include="PowerUpItem.cpp">
      <Filter>Brick\Item</Filter>
    </ClCompile>
    <ClCompile Include="EffectPool.cpp">
      <Filter>Effect</Filter>
    </ClCompile>
    <ClCompile Include="Effect.cpp">
      <Filter>Effect</Filter>
    </ClCompile>
    <ClCompile Include="Coin.cpp">
      <Filter>Mics</Filter>
    </ClCompile>
    <ClCompile Include="CoinBrick.cpp">
      <Filter>Brick\Item</Filter>
    </ClCompile>
    <ClCompile Include="BrickBlock.cpp">
      <Filter>Brick</Filter>
    </ClCompile>
    <ClCompile Include="GreenMushroom.cpp">
      <Filter>Brick\Item</Filter>
    </ClCompile>
    <ClCompile Include="SwitchItem.cpp">
      <Filter>Brick\Item</Filter>
    </ClCompile>
    <ClCompile Include="Card.cpp">
      <Filter>Mics</Filter>
    </ClCompile>
    <ClCompile Include="PortalPipe.cpp">
      <Filter>Mics</Filter>
    </ClCompile>
  </ItemGroup>
  <ItemGroup>
    <ClInclude Include="Game.h">
      <Filter>Header Files</Filter>
    </ClInclude>
    <ClInclude Include="Sprites.h">
      <Filter>Header Files</Filter>
    </ClInclude>
    <ClInclude Include="GameObject.h">
      <Filter>Header Files</Filter>
    </ClInclude>
    <ClInclude Include="Textures.h">
      <Filter>Header Files</Filter>
    </ClInclude>
    <ClInclude Include="KeyEventHandler.h">
      <Filter>Header Files</Filter>
    </ClInclude>
    <ClInclude Include="Scene.h">
      <Filter>Header Files</Filter>
    </ClInclude>
    <ClInclude Include="PlayScene.h">
      <Filter>Header Files</Filter>
    </ClInclude>
    <ClInclude Include="Animations.h">
      <Filter>Header Files</Filter>
    </ClInclude>
    <ClInclude Include="Utils.h">
      <Filter>Header Files</Filter>
    </ClInclude>
    <ClInclude Include="Mario.h">
      <Filter>Mario</Filter>
    </ClInclude>
    <ClInclude Include="MarioState.h">
      <Filter>Mario\MarioState</Filter>
    </ClInclude>
    <ClInclude Include="BigBox.h">
      <Filter>Mics</Filter>
    </ClInclude>
    <ClInclude Include="Ground.h">
      <Filter>Mics</Filter>
    </ClInclude>
    <ClInclude Include="Portal.h">
      <Filter>Mics</Filter>
    </ClInclude>
    <ClInclude Include="MarioDuckingState.h">
      <Filter>Mario\MarioState\OnGroundState</Filter>
    </ClInclude>
    <ClInclude Include="MarioKickState.h">
      <Filter>Mario\MarioState\OnGroundState</Filter>
    </ClInclude>
    <ClInclude Include="MarioLevelUpState.h">
      <Filter>Mario\MarioState\OnGroundState</Filter>
    </ClInclude>
    <ClInclude Include="MarioOnGroundState.h">
      <Filter>Mario\MarioState\OnGroundState</Filter>
    </ClInclude>
    <ClInclude Include="MarioPreFlyState.h">
      <Filter>Mario\MarioState\OnGroundState</Filter>
    </ClInclude>
    <ClInclude Include="MarioRunningState.h">
      <Filter>Mario\MarioState\OnGroundState</Filter>
    </ClInclude>
    <ClInclude Include="MarioStandingState.h">
      <Filter>Mario\MarioState\OnGroundState</Filter>
    </ClInclude>
    <ClInclude Include="MarioWalkingState.h">
      <Filter>Mario\MarioState\OnGroundState</Filter>
    </ClInclude>
    <ClInclude Include="MarioStoppingState.h">
      <Filter>Mario\MarioState\OnGroundState</Filter>
    </ClInclude>
    <ClInclude Include="MarioTailHitState.h">
      <Filter>Mario\MarioState\AttackState</Filter>
    </ClInclude>
    <ClInclude Include="MarioDropFlyState.h">
      <Filter>Mario\MarioState\OnAirState</Filter>
    </ClInclude>
    <ClInclude Include="MarioDroppingState.h">
      <Filter>Mario\MarioState\OnAirState</Filter>
    </ClInclude>
    <ClInclude Include="MarioFlyingState.h">
      <Filter>Mario\MarioState\OnAirState</Filter>
    </ClInclude>
    <ClInclude Include="MarioJumpingState.h">
      <Filter>Mario\MarioState\OnAirState</Filter>
    </ClInclude>
    <ClInclude Include="MarioShootFireBallState.h">
      <Filter>Mario\MarioState\AttackState</Filter>
    </ClInclude>
    <ClInclude Include="FireBallPool.h">
      <Filter>Fireball</Filter>
    </ClInclude>
    <ClInclude Include="FireBall.h">
      <Filter>Fireball</Filter>
    </ClInclude>
    <ClInclude Include="tinyxml.h">
      <Filter>XmlLib</Filter>
    </ClInclude>
    <ClInclude Include="tinystr.h">
      <Filter>XmlLib</Filter>
    </ClInclude>
    <ClInclude Include="Layer.h">
      <Filter>Map</Filter>
    </ClInclude>
    <ClInclude Include="Maps.h">
      <Filter>Map</Filter>
    </ClInclude>
    <ClInclude Include="TileMap.h">
      <Filter>Map</Filter>
    </ClInclude>
    <ClInclude Include="Tileset.h">
      <Filter>Map</Filter>
    </ClInclude>
    <ClInclude Include="ObjectMap.h">
      <Filter>Map</Filter>
    </ClInclude>
    <ClInclude Include="Camera.h">
      <Filter>Camera</Filter>
    </ClInclude>
    <ClInclude Include="CameraBound.h">
      <Filter>Camera</Filter>
    </ClInclude>
    <ClInclude Include="HUD.h">
      <Filter>HUD</Filter>
    </ClInclude>
    <ClInclude Include="FontManager.h">
      <Filter>HUD</Filter>
    </ClInclude>
    <ClInclude Include="Text.h">
      <Filter>HUD</Filter>
    </ClInclude>
    <ClInclude Include="Plant.h">
      <Filter>Enermies\Plant</Filter>
    </ClInclude>
    <ClInclude Include="VenusFireTrap.h">
      <Filter>Enermies\Plant</Filter>
    </ClInclude>
    <ClInclude Include="PiranhaPlant.h">
      <Filter>Enermies\Plant</Filter>
    </ClInclude>
    <ClInclude Include="Goomba.h">
      <Filter>Enermies\Goomba</Filter>
    </ClInclude>
    <ClInclude Include="ParaGoomba.h">
      <Filter>Enermies\Goomba</Filter>
    </ClInclude>
    <ClInclude Include="ParaKoopa.h">
      <Filter>Enermies\Koopa</Filter>
    </ClInclude>
    <ClInclude Include="KoopaBound.h">
      <Filter>Enermies\Koopa</Filter>
    </ClInclude>
    <ClInclude Include="Koopa.h">
      <Filter>Enermies\Koopa</Filter>
    </ClInclude>
    <ClInclude Include="Brick.h">
      <Filter>Brick</Filter>
    </ClInclude>
    <ClInclude Include="Item.h">
      <Filter>Brick\Item</Filter>
    </ClInclude>
    <ClInclude Include="PowerUpItem.h">
      <Filter>Brick\Item</Filter>
    </ClInclude>
    <ClInclude Include="EffectPool.h">
      <Filter>Effect</Filter>
    </ClInclude>
    <ClInclude Include="Effect.h">
      <Filter>Effect</Filter>
    </ClInclude>
    <ClInclude Include="Coin.h">
      <Filter>Mics</Filter>
    </ClInclude>
    <ClInclude Include="CoinBrick.h">
      <Filter>Brick\Item</Filter>
    </ClInclude>
    <ClInclude Include="BrickBlock.h">
      <Filter>Brick</Filter>
    </ClInclude>
    <ClInclude Include="GreenMushroom.h">
      <Filter>Brick\Item</Filter>
    </ClInclude>
    <ClInclude Include="SwitchItem.h">
      <Filter>Brick\Item</Filter>
    </ClInclude>
    <ClInclude Include="Card.h">
      <Filter>Mics</Filter>
    </ClInclude>
    <ClInclude Include="PortalPipe.h">
      <Filter>Mics</Filter>
    </ClInclude>
  </ItemGroup>
</Project>